// !$*UTF8*$!
{
	archiveVersion = 1;
	classes = {
	};
	objectVersion = 56;
	objects = {

/* Begin PBXBuildFile section */
		340DDE942AD6243A00217F2D /* AppDelegate.swift in Sources */ = {isa = PBXBuildFile; fileRef = 340DDE932AD6243A00217F2D /* AppDelegate.swift */; };
		340DDE962AD6243A00217F2D /* SceneDelegate.swift in Sources */ = {isa = PBXBuildFile; fileRef = 340DDE952AD6243A00217F2D /* SceneDelegate.swift */; };
		340DDE982AD6243A00217F2D /* ViewController.swift in Sources */ = {isa = PBXBuildFile; fileRef = 340DDE972AD6243A00217F2D /* ViewController.swift */; };
		340DDE9B2AD6243A00217F2D /* Main.storyboard in Resources */ = {isa = PBXBuildFile; fileRef = 340DDE992AD6243A00217F2D /* Main.storyboard */; };
		340DDE9E2AD6243A00217F2D /* Tipple.xcdatamodeld in Sources */ = {isa = PBXBuildFile; fileRef = 340DDE9C2AD6243A00217F2D /* Tipple.xcdatamodeld */; };
		340DDEA02AD6243D00217F2D /* Assets.xcassets in Resources */ = {isa = PBXBuildFile; fileRef = 340DDE9F2AD6243D00217F2D /* Assets.xcassets */; };
		340DDEA32AD6243D00217F2D /* LaunchScreen.storyboard in Resources */ = {isa = PBXBuildFile; fileRef = 340DDEA12AD6243D00217F2D /* LaunchScreen.storyboard */; };
		3411E5112AD8BC5800297E01 /* LoginViewController.swift in Sources */ = {isa = PBXBuildFile; fileRef = 3411E5102AD8BC5800297E01 /* LoginViewController.swift */; };
		3411E5142AD8BF1700297E01 /* SignupViewController.swift in Sources */ = {isa = PBXBuildFile; fileRef = 3411E5132AD8BF1700297E01 /* SignupViewController.swift */; };
		3411E5162AD8C09B00297E01 /* HomeViewController.swift in Sources */ = {isa = PBXBuildFile; fileRef = 3411E5152AD8C09B00297E01 /* HomeViewController.swift */; };
		344830112AEB64B100039FAD /* HexUIColor.swift in Sources */ = {isa = PBXBuildFile; fileRef = 344830102AEB64B100039FAD /* HexUIColor.swift */; };
		344830142AEB676A00039FAD /* GroupSession.storyboard in Resources */ = {isa = PBXBuildFile; fileRef = 344830132AEB676A00039FAD /* GroupSession.storyboard */; };
		344830172AEB67B700039FAD /* RegisterGroupSessionViewController.swift in Sources */ = {isa = PBXBuildFile; fileRef = 344830162AEB67B700039FAD /* RegisterGroupSessionViewController.swift */; };
		344830192AEB67DA00039FAD /* ManageGroupSessionViewController.swift in Sources */ = {isa = PBXBuildFile; fileRef = 344830182AEB67DA00039FAD /* ManageGroupSessionViewController.swift */; };
		3448301B2AEB684000039FAD /* EditGroupSessionViewController.swift in Sources */ = {isa = PBXBuildFile; fileRef = 3448301A2AEB684000039FAD /* EditGroupSessionViewController.swift */; };
		3448301D2AEB685B00039FAD /* InviteCodeViewController.swift in Sources */ = {isa = PBXBuildFile; fileRef = 3448301C2AEB685B00039FAD /* InviteCodeViewController.swift */; };
		348821D22AD7932E00B677F3 /* GoogleService-Info.plist in Resources */ = {isa = PBXBuildFile; fileRef = 348821D12AD7932E00B677F3 /* GoogleService-Info.plist */; };
		348821E12AD793AE00B677F3 /* FirebaseAuth in Frameworks */ = {isa = PBXBuildFile; productRef = 348821E02AD793AE00B677F3 /* FirebaseAuth */; };
		348821E72AD793AE00B677F3 /* FirebaseDatabase in Frameworks */ = {isa = PBXBuildFile; productRef = 348821E62AD793AE00B677F3 /* FirebaseDatabase */; };
		349A6F7D2AD62DAE002A707B /* LoginRegistrationHome.storyboard in Resources */ = {isa = PBXBuildFile; fileRef = 349A6F7C2AD62DAE002A707B /* LoginRegistrationHome.storyboard */; };
		349B1F742ADDDF3F00588DCF /* MOCKScrollViewController.swift in Sources */ = {isa = PBXBuildFile; fileRef = 349B1F732ADDDF3F00588DCF /* MOCKScrollViewController.swift */; };
		34F604132ADF4B0C00E331A2 /* Tipple_Red_Status.png in Resources */ = {isa = PBXBuildFile; fileRef = 34F604102ADF4B0B00E331A2 /* Tipple_Red_Status.png */; };
		34F604142ADF4B0C00E331A2 /* Tipple_Yellow_Status.png in Resources */ = {isa = PBXBuildFile; fileRef = 34F604112ADF4B0C00E331A2 /* Tipple_Yellow_Status.png */; };
		34F604152ADF4B0C00E331A2 /* Tipple_Green_Status.png in Resources */ = {isa = PBXBuildFile; fileRef = 34F604122ADF4B0C00E331A2 /* Tipple_Green_Status.png */; };
		34F78C3A2ADF181300A238A3 /* Tipple_aLogo.png in Resources */ = {isa = PBXBuildFile; fileRef = 34F78C392ADF181300A238A3 /* Tipple_aLogo.png */; };
		494A45112AF5D4AE00B54542 /* QRScanner.storyboard in Resources */ = {isa = PBXBuildFile; fileRef = 494A45102AF5D4AE00B54542 /* QRScanner.storyboard */; };
		494A45132AF5D7FD00B54542 /* QRScannerController.swift in Sources */ = {isa = PBXBuildFile; fileRef = 494A45122AF5D7FD00B54542 /* QRScannerController.swift */; };
		494A45162AF5F36200B54542 /* ActiveSessions.storyboard in Resources */ = {isa = PBXBuildFile; fileRef = 494A45152AF5F36200B54542 /* ActiveSessions.storyboard */; };
		494A45182AF5F36F00B54542 /* DrinkInfo.swift in Sources */ = {isa = PBXBuildFile; fileRef = 494A45172AF5F36F00B54542 /* DrinkInfo.swift */; };
		494A451A2AF5F37500B54542 /* QuestionnaireVC.swift in Sources */ = {isa = PBXBuildFile; fileRef = 494A45192AF5F37500B54542 /* QuestionnaireVC.swift */; };
		494A451C2AF5F37B00B54542 /* SessionInfo.swift in Sources */ = {isa = PBXBuildFile; fileRef = 494A451B2AF5F37B00B54542 /* SessionInfo.swift */; };
		494A451E2AF5F38300B54542 /* ShowActiveVC.swift in Sources */ = {isa = PBXBuildFile; fileRef = 494A451D2AF5F38300B54542 /* ShowActiveVC.swift */; };
		49B2C1372ADEF9BA0025E38C /* SessionsListViewController.swift in Sources */ = {isa = PBXBuildFile; fileRef = 49B2C1362ADEF9BA0025E38C /* SessionsListViewController.swift */; };
		49B2C1432ADF08360025E38C /* SymptomsViewController.swift in Sources */ = {isa = PBXBuildFile; fileRef = 49B2C1422ADF08360025E38C /* SymptomsViewController.swift */; };
		49F26E202ADF27B900FF70A7 /* SessionsTracker.storyboard in Resources */ = {isa = PBXBuildFile; fileRef = 49F26E1F2ADF27B900FF70A7 /* SessionsTracker.storyboard */; };
		49F26E222ADF287900FF70A7 /* DayViewController.swift in Sources */ = {isa = PBXBuildFile; fileRef = 49F26E212ADF287900FF70A7 /* DayViewController.swift */; };
		B3329D342ADB53A300F23531 /* FirestoreManager.swift in Sources */ = {isa = PBXBuildFile; fileRef = B3329D332ADB53A300F23531 /* FirestoreManager.swift */; };
		B3329D372ADB654D00F23531 /* FirebaseFirestore in Frameworks */ = {isa = PBXBuildFile; productRef = B3329D362ADB654D00F23531 /* FirebaseFirestore */; };
		B3329D392ADB71D900F23531 /* ProfileInfo.swift in Sources */ = {isa = PBXBuildFile; fileRef = B3329D382ADB71D900F23531 /* ProfileInfo.swift */; };
		B341BF732AD8A05600505C37 /* SettingsProfileInfoVC.swift in Sources */ = {isa = PBXBuildFile; fileRef = B341BF722AD8A05600505C37 /* SettingsProfileInfoVC.swift */; };
		B341BF752AD8C11A00505C37 /* ProfileInfoNameVC.swift in Sources */ = {isa = PBXBuildFile; fileRef = B341BF742AD8C11A00505C37 /* ProfileInfoNameVC.swift */; };
		B341BF772AD8F53D00505C37 /* ProfileInfoGenderVC.swift in Sources */ = {isa = PBXBuildFile; fileRef = B341BF762AD8F53D00505C37 /* ProfileInfoGenderVC.swift */; };
		B341BF792AD9094300505C37 /* ProfileInfoBirthdayVC.swift in Sources */ = {isa = PBXBuildFile; fileRef = B341BF782AD9094300505C37 /* ProfileInfoBirthdayVC.swift */; };
		B341BF7B2AD9125400505C37 /* ProfileInfoHeightVC.swift in Sources */ = {isa = PBXBuildFile; fileRef = B341BF7A2AD9125400505C37 /* ProfileInfoHeightVC.swift */; };
		B341BF7D2AD92D0500505C37 /* ProfileInfoWeightVC.swift in Sources */ = {isa = PBXBuildFile; fileRef = B341BF7C2AD92D0500505C37 /* ProfileInfoWeightVC.swift */; };
		B341BF7F2AD92E6200505C37 /* ProfileInfoPhoneVC.swift in Sources */ = {isa = PBXBuildFile; fileRef = B341BF7E2AD92E6100505C37 /* ProfileInfoPhoneVC.swift */; };
		B341BF812AD92F7500505C37 /* ProfileInfoEmailVC.swift in Sources */ = {isa = PBXBuildFile; fileRef = B341BF802AD92F7500505C37 /* ProfileInfoEmailVC.swift */; };
		B34377162ADE21B4003B1D96 /* FirebaseStorage in Frameworks */ = {isa = PBXBuildFile; productRef = B34377152ADE21B4003B1D96 /* FirebaseStorage */; };
		B34377182ADE71BB003B1D96 /* AlertUtils.swift in Sources */ = {isa = PBXBuildFile; fileRef = B34377172ADE71BA003B1D96 /* AlertUtils.swift */; };
		B36E61E42AD88C2300AFF50E /* SettingsVC.swift in Sources */ = {isa = PBXBuildFile; fileRef = B36E61E32AD88C2300AFF50E /* SettingsVC.swift */; };
		B3CE37622AD62FF1004FB1A1 /* Settings.storyboard in Resources */ = {isa = PBXBuildFile; fileRef = B3CE37612AD62FF1004FB1A1 /* Settings.storyboard */; };
/* End PBXBuildFile section */

/* Begin PBXFileReference section */
		340DDE902AD6243A00217F2D /* Tipple.app */ = {isa = PBXFileReference; explicitFileType = wrapper.application; includeInIndex = 0; path = Tipple.app; sourceTree = BUILT_PRODUCTS_DIR; };
		340DDE932AD6243A00217F2D /* AppDelegate.swift */ = {isa = PBXFileReference; lastKnownFileType = sourcecode.swift; path = AppDelegate.swift; sourceTree = "<group>"; };
		340DDE952AD6243A00217F2D /* SceneDelegate.swift */ = {isa = PBXFileReference; lastKnownFileType = sourcecode.swift; path = SceneDelegate.swift; sourceTree = "<group>"; };
		340DDE972AD6243A00217F2D /* ViewController.swift */ = {isa = PBXFileReference; lastKnownFileType = sourcecode.swift; path = ViewController.swift; sourceTree = "<group>"; };
		340DDE9A2AD6243A00217F2D /* Base */ = {isa = PBXFileReference; lastKnownFileType = file.storyboard; name = Base; path = Base.lproj/Main.storyboard; sourceTree = "<group>"; };
		340DDE9D2AD6243A00217F2D /* Tipple.xcdatamodel */ = {isa = PBXFileReference; lastKnownFileType = wrapper.xcdatamodel; path = Tipple.xcdatamodel; sourceTree = "<group>"; };
		340DDE9F2AD6243D00217F2D /* Assets.xcassets */ = {isa = PBXFileReference; lastKnownFileType = folder.assetcatalog; path = Assets.xcassets; sourceTree = "<group>"; };
		340DDEA22AD6243D00217F2D /* Base */ = {isa = PBXFileReference; lastKnownFileType = file.storyboard; name = Base; path = Base.lproj/LaunchScreen.storyboard; sourceTree = "<group>"; };
		340DDEA42AD6243D00217F2D /* Info.plist */ = {isa = PBXFileReference; lastKnownFileType = text.plist.xml; path = Info.plist; sourceTree = "<group>"; };
		3411E5102AD8BC5800297E01 /* LoginViewController.swift */ = {isa = PBXFileReference; lastKnownFileType = sourcecode.swift; path = LoginViewController.swift; sourceTree = "<group>"; };
		3411E5122AD8BDE700297E01 /* TippleRelease.entitlements */ = {isa = PBXFileReference; lastKnownFileType = text.plist.entitlements; path = TippleRelease.entitlements; sourceTree = "<group>"; };
		3411E5132AD8BF1700297E01 /* SignupViewController.swift */ = {isa = PBXFileReference; lastKnownFileType = sourcecode.swift; path = SignupViewController.swift; sourceTree = "<group>"; };
		3411E5152AD8C09B00297E01 /* HomeViewController.swift */ = {isa = PBXFileReference; lastKnownFileType = sourcecode.swift; path = HomeViewController.swift; sourceTree = "<group>"; };
		344830102AEB64B100039FAD /* HexUIColor.swift */ = {isa = PBXFileReference; fileEncoding = 4; lastKnownFileType = sourcecode.swift; path = HexUIColor.swift; sourceTree = "<group>"; };
		344830132AEB676A00039FAD /* GroupSession.storyboard */ = {isa = PBXFileReference; lastKnownFileType = file.storyboard; path = GroupSession.storyboard; sourceTree = "<group>"; };
		344830162AEB67B700039FAD /* RegisterGroupSessionViewController.swift */ = {isa = PBXFileReference; lastKnownFileType = sourcecode.swift; path = RegisterGroupSessionViewController.swift; sourceTree = "<group>"; };
		344830182AEB67DA00039FAD /* ManageGroupSessionViewController.swift */ = {isa = PBXFileReference; lastKnownFileType = sourcecode.swift; path = ManageGroupSessionViewController.swift; sourceTree = "<group>"; };
		3448301A2AEB684000039FAD /* EditGroupSessionViewController.swift */ = {isa = PBXFileReference; lastKnownFileType = sourcecode.swift; path = EditGroupSessionViewController.swift; sourceTree = "<group>"; };
		3448301C2AEB685B00039FAD /* InviteCodeViewController.swift */ = {isa = PBXFileReference; lastKnownFileType = sourcecode.swift; path = InviteCodeViewController.swift; sourceTree = "<group>"; };
		348821D12AD7932E00B677F3 /* GoogleService-Info.plist */ = {isa = PBXFileReference; fileEncoding = 4; lastKnownFileType = text.plist.xml; path = "GoogleService-Info.plist"; sourceTree = "<group>"; };
		349A6F7C2AD62DAE002A707B /* LoginRegistrationHome.storyboard */ = {isa = PBXFileReference; lastKnownFileType = file.storyboard; path = LoginRegistrationHome.storyboard; sourceTree = "<group>"; };
		349B1F732ADDDF3F00588DCF /* MOCKScrollViewController.swift */ = {isa = PBXFileReference; lastKnownFileType = sourcecode.swift; path = MOCKScrollViewController.swift; sourceTree = "<group>"; };
		34F604102ADF4B0B00E331A2 /* Tipple_Red_Status.png */ = {isa = PBXFileReference; lastKnownFileType = image.png; path = Tipple_Red_Status.png; sourceTree = "<group>"; };
		34F604112ADF4B0C00E331A2 /* Tipple_Yellow_Status.png */ = {isa = PBXFileReference; lastKnownFileType = image.png; path = Tipple_Yellow_Status.png; sourceTree = "<group>"; };
		34F604122ADF4B0C00E331A2 /* Tipple_Green_Status.png */ = {isa = PBXFileReference; lastKnownFileType = image.png; path = Tipple_Green_Status.png; sourceTree = "<group>"; };
		34F78C392ADF181300A238A3 /* Tipple_aLogo.png */ = {isa = PBXFileReference; lastKnownFileType = image.png; path = Tipple_aLogo.png; sourceTree = "<group>"; };
		494A45102AF5D4AE00B54542 /* QRScanner.storyboard */ = {isa = PBXFileReference; lastKnownFileType = file.storyboard; path = QRScanner.storyboard; sourceTree = "<group>"; };
		494A45122AF5D7FD00B54542 /* QRScannerController.swift */ = {isa = PBXFileReference; lastKnownFileType = sourcecode.swift; path = QRScannerController.swift; sourceTree = "<group>"; };
		494A45152AF5F36200B54542 /* ActiveSessions.storyboard */ = {isa = PBXFileReference; fileEncoding = 4; lastKnownFileType = file.storyboard; path = ActiveSessions.storyboard; sourceTree = "<group>"; };
		494A45172AF5F36F00B54542 /* DrinkInfo.swift */ = {isa = PBXFileReference; fileEncoding = 4; lastKnownFileType = sourcecode.swift; path = DrinkInfo.swift; sourceTree = "<group>"; };
		494A45192AF5F37500B54542 /* QuestionnaireVC.swift */ = {isa = PBXFileReference; fileEncoding = 4; lastKnownFileType = sourcecode.swift; path = QuestionnaireVC.swift; sourceTree = "<group>"; };
		494A451B2AF5F37B00B54542 /* SessionInfo.swift */ = {isa = PBXFileReference; fileEncoding = 4; lastKnownFileType = sourcecode.swift; path = SessionInfo.swift; sourceTree = "<group>"; };
		494A451D2AF5F38300B54542 /* ShowActiveVC.swift */ = {isa = PBXFileReference; fileEncoding = 4; lastKnownFileType = sourcecode.swift; path = ShowActiveVC.swift; sourceTree = "<group>"; };
		49B2C1362ADEF9BA0025E38C /* SessionsListViewController.swift */ = {isa = PBXFileReference; fileEncoding = 4; lastKnownFileType = sourcecode.swift; path = SessionsListViewController.swift; sourceTree = "<group>"; };
		49B2C1422ADF08360025E38C /* SymptomsViewController.swift */ = {isa = PBXFileReference; lastKnownFileType = sourcecode.swift; path = SymptomsViewController.swift; sourceTree = "<group>"; };
		49F26E1F2ADF27B900FF70A7 /* SessionsTracker.storyboard */ = {isa = PBXFileReference; fileEncoding = 4; lastKnownFileType = file.storyboard; path = SessionsTracker.storyboard; sourceTree = "<group>"; };
		49F26E212ADF287900FF70A7 /* DayViewController.swift */ = {isa = PBXFileReference; fileEncoding = 4; lastKnownFileType = sourcecode.swift; path = DayViewController.swift; sourceTree = "<group>"; };
		B3329D332ADB53A300F23531 /* FirestoreManager.swift */ = {isa = PBXFileReference; lastKnownFileType = sourcecode.swift; path = FirestoreManager.swift; sourceTree = "<group>"; };
		B3329D382ADB71D900F23531 /* ProfileInfo.swift */ = {isa = PBXFileReference; lastKnownFileType = sourcecode.swift; path = ProfileInfo.swift; sourceTree = "<group>"; };
		B341BF722AD8A05600505C37 /* SettingsProfileInfoVC.swift */ = {isa = PBXFileReference; lastKnownFileType = sourcecode.swift; path = SettingsProfileInfoVC.swift; sourceTree = "<group>"; };
		B341BF742AD8C11A00505C37 /* ProfileInfoNameVC.swift */ = {isa = PBXFileReference; lastKnownFileType = sourcecode.swift; path = ProfileInfoNameVC.swift; sourceTree = "<group>"; };
		B341BF762AD8F53D00505C37 /* ProfileInfoGenderVC.swift */ = {isa = PBXFileReference; lastKnownFileType = sourcecode.swift; path = ProfileInfoGenderVC.swift; sourceTree = "<group>"; };
		B341BF782AD9094300505C37 /* ProfileInfoBirthdayVC.swift */ = {isa = PBXFileReference; lastKnownFileType = sourcecode.swift; path = ProfileInfoBirthdayVC.swift; sourceTree = "<group>"; };
		B341BF7A2AD9125400505C37 /* ProfileInfoHeightVC.swift */ = {isa = PBXFileReference; lastKnownFileType = sourcecode.swift; path = ProfileInfoHeightVC.swift; sourceTree = "<group>"; };
		B341BF7C2AD92D0500505C37 /* ProfileInfoWeightVC.swift */ = {isa = PBXFileReference; lastKnownFileType = sourcecode.swift; path = ProfileInfoWeightVC.swift; sourceTree = "<group>"; };
		B341BF7E2AD92E6100505C37 /* ProfileInfoPhoneVC.swift */ = {isa = PBXFileReference; lastKnownFileType = sourcecode.swift; path = ProfileInfoPhoneVC.swift; sourceTree = "<group>"; };
		B341BF802AD92F7500505C37 /* ProfileInfoEmailVC.swift */ = {isa = PBXFileReference; lastKnownFileType = sourcecode.swift; path = ProfileInfoEmailVC.swift; sourceTree = "<group>"; };
		B34377172ADE71BA003B1D96 /* AlertUtils.swift */ = {isa = PBXFileReference; lastKnownFileType = sourcecode.swift; path = AlertUtils.swift; sourceTree = "<group>"; };
		B36E61E32AD88C2300AFF50E /* SettingsVC.swift */ = {isa = PBXFileReference; lastKnownFileType = sourcecode.swift; path = SettingsVC.swift; sourceTree = "<group>"; };
		B3CE37612AD62FF1004FB1A1 /* Settings.storyboard */ = {isa = PBXFileReference; lastKnownFileType = file.storyboard; path = Settings.storyboard; sourceTree = "<group>"; };
/* End PBXFileReference section */

/* Begin PBXFrameworksBuildPhase section */
		340DDE8D2AD6243A00217F2D /* Frameworks */ = {
			isa = PBXFrameworksBuildPhase;
			buildActionMask = 2147483647;
			files = (
				348821E72AD793AE00B677F3 /* FirebaseDatabase in Frameworks */,
				B34377162ADE21B4003B1D96 /* FirebaseStorage in Frameworks */,
				348821E12AD793AE00B677F3 /* FirebaseAuth in Frameworks */,
				B3329D372ADB654D00F23531 /* FirebaseFirestore in Frameworks */,
			);
			runOnlyForDeploymentPostprocessing = 0;
		};
/* End PBXFrameworksBuildPhase section */

/* Begin PBXGroup section */
		340DDE872AD6243A00217F2D = {
			isa = PBXGroup;
			children = (
				340DDE922AD6243A00217F2D /* Tipple */,
				340DDE912AD6243A00217F2D /* Products */,
				B3329D352ADB654D00F23531 /* Frameworks */,
			);
			sourceTree = "<group>";
		};
		340DDE912AD6243A00217F2D /* Products */ = {
			isa = PBXGroup;
			children = (
				340DDE902AD6243A00217F2D /* Tipple.app */,
			);
			name = Products;
			sourceTree = "<group>";
		};
		340DDE922AD6243A00217F2D /* Tipple */ = {
			isa = PBXGroup;
			children = (
				3411E5122AD8BDE700297E01 /* TippleRelease.entitlements */,
				34F604122ADF4B0C00E331A2 /* Tipple_Green_Status.png */,
				34F604102ADF4B0B00E331A2 /* Tipple_Red_Status.png */,
				34F604112ADF4B0C00E331A2 /* Tipple_Yellow_Status.png */,
				34F78C392ADF181300A238A3 /* Tipple_aLogo.png */,
				340DDE932AD6243A00217F2D /* AppDelegate.swift */,
				340DDE952AD6243A00217F2D /* SceneDelegate.swift */,
				340DDE972AD6243A00217F2D /* ViewController.swift */,
				340DDE992AD6243A00217F2D /* Main.storyboard */,
				340DDE9F2AD6243D00217F2D /* Assets.xcassets */,
				340DDEA12AD6243D00217F2D /* LaunchScreen.storyboard */,
				344830102AEB64B100039FAD /* HexUIColor.swift */,
				340DDEA42AD6243D00217F2D /* Info.plist */,
				340DDE9C2AD6243A00217F2D /* Tipple.xcdatamodeld */,
				494A45142AF5F26200B54542 /* QRCode */,
				494A450F2AF5A51C00B54542 /* ActiveSession */,
				344830122AEB65F100039FAD /* LoginRegistrationHome */,
				496B2CAC2AF59B4400F8EE21 /* PrevSessions */,
				B33F29462AEB115300B10CF7 /* Settings */,
				344830152AEB678C00039FAD /* GroupSession */,
				348821D12AD7932E00B677F3 /* GoogleService-Info.plist */,
				B3329D332ADB53A300F23531 /* FirestoreManager.swift */,
				349B1F732ADDDF3F00588DCF /* MOCKScrollViewController.swift */,
				B34377172ADE71BA003B1D96 /* AlertUtils.swift */,
			);
			path = Tipple;
			sourceTree = "<group>";
		};
		344830122AEB65F100039FAD /* LoginRegistrationHome */ = {
			isa = PBXGroup;
			children = (
				349A6F7C2AD62DAE002A707B /* LoginRegistrationHome.storyboard */,
				3411E5102AD8BC5800297E01 /* LoginViewController.swift */,
				3411E5132AD8BF1700297E01 /* SignupViewController.swift */,
				3411E5152AD8C09B00297E01 /* HomeViewController.swift */,
			);
			path = LoginRegistrationHome;
			sourceTree = "<group>";
		};
		344830152AEB678C00039FAD /* GroupSession */ = {
			isa = PBXGroup;
			children = (
				344830132AEB676A00039FAD /* GroupSession.storyboard */,
				344830162AEB67B700039FAD /* RegisterGroupSessionViewController.swift */,
				344830182AEB67DA00039FAD /* ManageGroupSessionViewController.swift */,
				3448301A2AEB684000039FAD /* EditGroupSessionViewController.swift */,
				3448301C2AEB685B00039FAD /* InviteCodeViewController.swift */,
			);
			path = GroupSession;
			sourceTree = "<group>";
		};
		494A450F2AF5A51C00B54542 /* ActiveSession */ = {
			isa = PBXGroup;
			children = (
				494A45152AF5F36200B54542 /* ActiveSessions.storyboard */,
				494A45172AF5F36F00B54542 /* DrinkInfo.swift */,
				494A45192AF5F37500B54542 /* QuestionnaireVC.swift */,
				494A451B2AF5F37B00B54542 /* SessionInfo.swift */,
				494A451D2AF5F38300B54542 /* ShowActiveVC.swift */,
			);
			path = ActiveSession;
			sourceTree = "<group>";
		};
		494A45142AF5F26200B54542 /* QRCode */ = {
			isa = PBXGroup;
			children = (
				494A45102AF5D4AE00B54542 /* QRScanner.storyboard */,
				494A45122AF5D7FD00B54542 /* QRScannerController.swift */,
			);
			path = QRCode;
			sourceTree = "<group>";
		};
		496B2CAC2AF59B4400F8EE21 /* PrevSessions */ = {
			isa = PBXGroup;
			children = (
				49F26E1F2ADF27B900FF70A7 /* SessionsTracker.storyboard */,
				49B2C1422ADF08360025E38C /* SymptomsViewController.swift */,
				49F26E212ADF287900FF70A7 /* DayViewController.swift */,
				49B2C1362ADEF9BA0025E38C /* SessionsListViewController.swift */,
			);
			path = PrevSessions;
			sourceTree = "<group>";
		};
		B3329D352ADB654D00F23531 /* Frameworks */ = {
			isa = PBXGroup;
			children = (
			);
			name = Frameworks;
			sourceTree = "<group>";
		};
		B33F29462AEB115300B10CF7 /* Settings */ = {
			isa = PBXGroup;
			children = (
				B3CE37612AD62FF1004FB1A1 /* Settings.storyboard */,
				B36E61E32AD88C2300AFF50E /* SettingsVC.swift */,
				B33F29472AEB11C200B10CF7 /* ProfileInfo */,
			);
			path = Settings;
			sourceTree = "<group>";
		};
		B33F29472AEB11C200B10CF7 /* ProfileInfo */ = {
			isa = PBXGroup;
			children = (
				B341BF722AD8A05600505C37 /* SettingsProfileInfoVC.swift */,
				B341BF742AD8C11A00505C37 /* ProfileInfoNameVC.swift */,
				B341BF762AD8F53D00505C37 /* ProfileInfoGenderVC.swift */,
				B341BF782AD9094300505C37 /* ProfileInfoBirthdayVC.swift */,
				B341BF7A2AD9125400505C37 /* ProfileInfoHeightVC.swift */,
				B341BF7C2AD92D0500505C37 /* ProfileInfoWeightVC.swift */,
				B341BF7E2AD92E6100505C37 /* ProfileInfoPhoneVC.swift */,
				B341BF802AD92F7500505C37 /* ProfileInfoEmailVC.swift */,
				B3329D382ADB71D900F23531 /* ProfileInfo.swift */,
			);
			path = ProfileInfo;
			sourceTree = "<group>";
		};
/* End PBXGroup section */

/* Begin PBXNativeTarget section */
		340DDE8F2AD6243A00217F2D /* Tipple */ = {
			isa = PBXNativeTarget;
			buildConfigurationList = 340DDEA72AD6243D00217F2D /* Build configuration list for PBXNativeTarget "Tipple" */;
			buildPhases = (
				340DDE8C2AD6243A00217F2D /* Sources */,
				340DDE8D2AD6243A00217F2D /* Frameworks */,
				340DDE8E2AD6243A00217F2D /* Resources */,
			);
			buildRules = (
			);
			dependencies = (
			);
			name = Tipple;
			packageProductDependencies = (
				348821E02AD793AE00B677F3 /* FirebaseAuth */,
				348821E62AD793AE00B677F3 /* FirebaseDatabase */,
				B3329D362ADB654D00F23531 /* FirebaseFirestore */,
				B34377152ADE21B4003B1D96 /* FirebaseStorage */,
			);
			productName = Tipple;
			productReference = 340DDE902AD6243A00217F2D /* Tipple.app */;
			productType = "com.apple.product-type.application";
		};
/* End PBXNativeTarget section */

/* Begin PBXProject section */
		340DDE882AD6243A00217F2D /* Project object */ = {
			isa = PBXProject;
			attributes = {
				BuildIndependentTargetsInParallel = 1;
				LastSwiftUpdateCheck = 1500;
				LastUpgradeCheck = 1500;
				TargetAttributes = {
					340DDE8F2AD6243A00217F2D = {
						CreatedOnToolsVersion = 15.0;
					};
				};
			};
			buildConfigurationList = 340DDE8B2AD6243A00217F2D /* Build configuration list for PBXProject "Tipple" */;
			compatibilityVersion = "Xcode 14.0";
			developmentRegion = en;
			hasScannedForEncodings = 0;
			knownRegions = (
				en,
				Base,
			);
			mainGroup = 340DDE872AD6243A00217F2D;
			packageReferences = (
				348821D32AD793AE00B677F3 /* XCRemoteSwiftPackageReference "firebase-ios-sdk" */,
			);
			productRefGroup = 340DDE912AD6243A00217F2D /* Products */;
			projectDirPath = "";
			projectRoot = "";
			targets = (
				340DDE8F2AD6243A00217F2D /* Tipple */,
			);
		};
/* End PBXProject section */

/* Begin PBXResourcesBuildPhase section */
		340DDE8E2AD6243A00217F2D /* Resources */ = {
			isa = PBXResourcesBuildPhase;
			buildActionMask = 2147483647;
			files = (
				494A45112AF5D4AE00B54542 /* QRScanner.storyboard in Resources */,
				349A6F7D2AD62DAE002A707B /* LoginRegistrationHome.storyboard in Resources */,
				34F604142ADF4B0C00E331A2 /* Tipple_Yellow_Status.png in Resources */,
				34F78C3A2ADF181300A238A3 /* Tipple_aLogo.png in Resources */,
				348821D22AD7932E00B677F3 /* GoogleService-Info.plist in Resources */,
				340DDEA32AD6243D00217F2D /* LaunchScreen.storyboard in Resources */,
				340DDEA02AD6243D00217F2D /* Assets.xcassets in Resources */,
				344830142AEB676A00039FAD /* GroupSession.storyboard in Resources */,
				49F26E202ADF27B900FF70A7 /* SessionsTracker.storyboard in Resources */,
				B3CE37622AD62FF1004FB1A1 /* Settings.storyboard in Resources */,
				340DDE9B2AD6243A00217F2D /* Main.storyboard in Resources */,
				34F604132ADF4B0C00E331A2 /* Tipple_Red_Status.png in Resources */,
				34F604152ADF4B0C00E331A2 /* Tipple_Green_Status.png in Resources */,
				494A45162AF5F36200B54542 /* ActiveSessions.storyboard in Resources */,
			);
			runOnlyForDeploymentPostprocessing = 0;
		};
/* End PBXResourcesBuildPhase section */

/* Begin PBXSourcesBuildPhase section */
		340DDE8C2AD6243A00217F2D /* Sources */ = {
			isa = PBXSourcesBuildPhase;
			buildActionMask = 2147483647;
			files = (
				3411E5142AD8BF1700297E01 /* SignupViewController.swift in Sources */,
				340DDE982AD6243A00217F2D /* ViewController.swift in Sources */,
				3448301D2AEB685B00039FAD /* InviteCodeViewController.swift in Sources */,
				B341BF752AD8C11A00505C37 /* ProfileInfoNameVC.swift in Sources */,
				344830172AEB67B700039FAD /* RegisterGroupSessionViewController.swift in Sources */,
				B3329D392ADB71D900F23531 /* ProfileInfo.swift in Sources */,
				494A451A2AF5F37500B54542 /* QuestionnaireVC.swift in Sources */,
				B341BF792AD9094300505C37 /* ProfileInfoBirthdayVC.swift in Sources */,
				B34377182ADE71BB003B1D96 /* AlertUtils.swift in Sources */,
				494A45182AF5F36F00B54542 /* DrinkInfo.swift in Sources */,
				349B1F742ADDDF3F00588DCF /* MOCKScrollViewController.swift in Sources */,
				340DDE9E2AD6243A00217F2D /* Tipple.xcdatamodeld in Sources */,
				344830112AEB64B100039FAD /* HexUIColor.swift in Sources */,
				B341BF812AD92F7500505C37 /* ProfileInfoEmailVC.swift in Sources */,
				340DDE942AD6243A00217F2D /* AppDelegate.swift in Sources */,
				3448301B2AEB684000039FAD /* EditGroupSessionViewController.swift in Sources */,
				B341BF7B2AD9125400505C37 /* ProfileInfoHeightVC.swift in Sources */,
				344830192AEB67DA00039FAD /* ManageGroupSessionViewController.swift in Sources */,
				494A451C2AF5F37B00B54542 /* SessionInfo.swift in Sources */,
				B36E61E42AD88C2300AFF50E /* SettingsVC.swift in Sources */,
				49B2C1372ADEF9BA0025E38C /* SessionsListViewController.swift in Sources */,
				494A451E2AF5F38300B54542 /* ShowActiveVC.swift in Sources */,
				3411E5112AD8BC5800297E01 /* LoginViewController.swift in Sources */,
				49F26E222ADF287900FF70A7 /* DayViewController.swift in Sources */,
				49B2C1432ADF08360025E38C /* SymptomsViewController.swift in Sources */,
				3411E5162AD8C09B00297E01 /* HomeViewController.swift in Sources */,
				340DDE962AD6243A00217F2D /* SceneDelegate.swift in Sources */,
				B341BF732AD8A05600505C37 /* SettingsProfileInfoVC.swift in Sources */,
				B341BF7D2AD92D0500505C37 /* ProfileInfoWeightVC.swift in Sources */,
				B341BF772AD8F53D00505C37 /* ProfileInfoGenderVC.swift in Sources */,
				B3329D342ADB53A300F23531 /* FirestoreManager.swift in Sources */,
				494A45132AF5D7FD00B54542 /* QRScannerController.swift in Sources */,
				B341BF7F2AD92E6200505C37 /* ProfileInfoPhoneVC.swift in Sources */,
			);
			runOnlyForDeploymentPostprocessing = 0;
		};
/* End PBXSourcesBuildPhase section */

/* Begin PBXVariantGroup section */
		340DDE992AD6243A00217F2D /* Main.storyboard */ = {
			isa = PBXVariantGroup;
			children = (
				340DDE9A2AD6243A00217F2D /* Base */,
			);
			name = Main.storyboard;
			sourceTree = "<group>";
		};
		340DDEA12AD6243D00217F2D /* LaunchScreen.storyboard */ = {
			isa = PBXVariantGroup;
			children = (
				340DDEA22AD6243D00217F2D /* Base */,
			);
			name = LaunchScreen.storyboard;
			sourceTree = "<group>";
		};
/* End PBXVariantGroup section */

/* Begin XCBuildConfiguration section */
		340DDEA52AD6243D00217F2D /* Debug */ = {
			isa = XCBuildConfiguration;
			buildSettings = {
				ALWAYS_SEARCH_USER_PATHS = NO;
				ASSETCATALOG_COMPILER_GENERATE_SWIFT_ASSET_SYMBOL_EXTENSIONS = YES;
				CLANG_ANALYZER_NONNULL = YES;
				CLANG_ANALYZER_NUMBER_OBJECT_CONVERSION = YES_AGGRESSIVE;
				CLANG_CXX_LANGUAGE_STANDARD = "gnu++20";
				CLANG_ENABLE_MODULES = YES;
				CLANG_ENABLE_OBJC_ARC = YES;
				CLANG_ENABLE_OBJC_WEAK = YES;
				CLANG_WARN_BLOCK_CAPTURE_AUTORELEASING = YES;
				CLANG_WARN_BOOL_CONVERSION = YES;
				CLANG_WARN_COMMA = YES;
				CLANG_WARN_CONSTANT_CONVERSION = YES;
				CLANG_WARN_DEPRECATED_OBJC_IMPLEMENTATIONS = YES;
				CLANG_WARN_DIRECT_OBJC_ISA_USAGE = YES_ERROR;
				CLANG_WARN_DOCUMENTATION_COMMENTS = YES;
				CLANG_WARN_EMPTY_BODY = YES;
				CLANG_WARN_ENUM_CONVERSION = YES;
				CLANG_WARN_INFINITE_RECURSION = YES;
				CLANG_WARN_INT_CONVERSION = YES;
				CLANG_WARN_NON_LITERAL_NULL_CONVERSION = YES;
				CLANG_WARN_OBJC_IMPLICIT_RETAIN_SELF = YES;
				CLANG_WARN_OBJC_LITERAL_CONVERSION = YES;
				CLANG_WARN_OBJC_ROOT_CLASS = YES_ERROR;
				CLANG_WARN_QUOTED_INCLUDE_IN_FRAMEWORK_HEADER = YES;
				CLANG_WARN_RANGE_LOOP_ANALYSIS = YES;
				CLANG_WARN_STRICT_PROTOTYPES = YES;
				CLANG_WARN_SUSPICIOUS_MOVE = YES;
				CLANG_WARN_UNGUARDED_AVAILABILITY = YES_AGGRESSIVE;
				CLANG_WARN_UNREACHABLE_CODE = YES;
				CLANG_WARN__DUPLICATE_METHOD_MATCH = YES;
				COPY_PHASE_STRIP = NO;
				DEBUG_INFORMATION_FORMAT = dwarf;
				ENABLE_STRICT_OBJC_MSGSEND = YES;
				ENABLE_TESTABILITY = YES;
				ENABLE_USER_SCRIPT_SANDBOXING = YES;
				GCC_C_LANGUAGE_STANDARD = gnu17;
				GCC_DYNAMIC_NO_PIC = NO;
				GCC_NO_COMMON_BLOCKS = YES;
				GCC_OPTIMIZATION_LEVEL = 0;
				GCC_PREPROCESSOR_DEFINITIONS = (
					"DEBUG=1",
					"$(inherited)",
				);
				GCC_WARN_64_TO_32_BIT_CONVERSION = YES;
				GCC_WARN_ABOUT_RETURN_TYPE = YES_ERROR;
				GCC_WARN_UNDECLARED_SELECTOR = YES;
				GCC_WARN_UNINITIALIZED_AUTOS = YES_AGGRESSIVE;
				GCC_WARN_UNUSED_FUNCTION = YES;
				GCC_WARN_UNUSED_VARIABLE = YES;
				IPHONEOS_DEPLOYMENT_TARGET = 17.0;
				LOCALIZATION_PREFERS_STRING_CATALOGS = YES;
				MTL_ENABLE_DEBUG_INFO = INCLUDE_SOURCE;
				MTL_FAST_MATH = YES;
				ONLY_ACTIVE_ARCH = YES;
				SDKROOT = iphoneos;
				SWIFT_ACTIVE_COMPILATION_CONDITIONS = "DEBUG $(inherited)";
				SWIFT_OPTIMIZATION_LEVEL = "-Onone";
			};
			name = Debug;
		};
		340DDEA62AD6243D00217F2D /* Release */ = {
			isa = XCBuildConfiguration;
			buildSettings = {
				ALWAYS_SEARCH_USER_PATHS = NO;
				ASSETCATALOG_COMPILER_GENERATE_SWIFT_ASSET_SYMBOL_EXTENSIONS = YES;
				CLANG_ANALYZER_NONNULL = YES;
				CLANG_ANALYZER_NUMBER_OBJECT_CONVERSION = YES_AGGRESSIVE;
				CLANG_CXX_LANGUAGE_STANDARD = "gnu++20";
				CLANG_ENABLE_MODULES = YES;
				CLANG_ENABLE_OBJC_ARC = YES;
				CLANG_ENABLE_OBJC_WEAK = YES;
				CLANG_WARN_BLOCK_CAPTURE_AUTORELEASING = YES;
				CLANG_WARN_BOOL_CONVERSION = YES;
				CLANG_WARN_COMMA = YES;
				CLANG_WARN_CONSTANT_CONVERSION = YES;
				CLANG_WARN_DEPRECATED_OBJC_IMPLEMENTATIONS = YES;
				CLANG_WARN_DIRECT_OBJC_ISA_USAGE = YES_ERROR;
				CLANG_WARN_DOCUMENTATION_COMMENTS = YES;
				CLANG_WARN_EMPTY_BODY = YES;
				CLANG_WARN_ENUM_CONVERSION = YES;
				CLANG_WARN_INFINITE_RECURSION = YES;
				CLANG_WARN_INT_CONVERSION = YES;
				CLANG_WARN_NON_LITERAL_NULL_CONVERSION = YES;
				CLANG_WARN_OBJC_IMPLICIT_RETAIN_SELF = YES;
				CLANG_WARN_OBJC_LITERAL_CONVERSION = YES;
				CLANG_WARN_OBJC_ROOT_CLASS = YES_ERROR;
				CLANG_WARN_QUOTED_INCLUDE_IN_FRAMEWORK_HEADER = YES;
				CLANG_WARN_RANGE_LOOP_ANALYSIS = YES;
				CLANG_WARN_STRICT_PROTOTYPES = YES;
				CLANG_WARN_SUSPICIOUS_MOVE = YES;
				CLANG_WARN_UNGUARDED_AVAILABILITY = YES_AGGRESSIVE;
				CLANG_WARN_UNREACHABLE_CODE = YES;
				CLANG_WARN__DUPLICATE_METHOD_MATCH = YES;
				COPY_PHASE_STRIP = NO;
				DEBUG_INFORMATION_FORMAT = "dwarf-with-dsym";
				ENABLE_NS_ASSERTIONS = NO;
				ENABLE_STRICT_OBJC_MSGSEND = YES;
				ENABLE_USER_SCRIPT_SANDBOXING = YES;
				GCC_C_LANGUAGE_STANDARD = gnu17;
				GCC_NO_COMMON_BLOCKS = YES;
				GCC_WARN_64_TO_32_BIT_CONVERSION = YES;
				GCC_WARN_ABOUT_RETURN_TYPE = YES_ERROR;
				GCC_WARN_UNDECLARED_SELECTOR = YES;
				GCC_WARN_UNINITIALIZED_AUTOS = YES_AGGRESSIVE;
				GCC_WARN_UNUSED_FUNCTION = YES;
				GCC_WARN_UNUSED_VARIABLE = YES;
				IPHONEOS_DEPLOYMENT_TARGET = 17.0;
				LOCALIZATION_PREFERS_STRING_CATALOGS = YES;
				MTL_ENABLE_DEBUG_INFO = NO;
				MTL_FAST_MATH = YES;
				SDKROOT = iphoneos;
				SWIFT_COMPILATION_MODE = wholemodule;
				VALIDATE_PRODUCT = YES;
			};
			name = Release;
		};
		340DDEA82AD6243D00217F2D /* Debug */ = {
			isa = XCBuildConfiguration;
			buildSettings = {
				ASSETCATALOG_COMPILER_APPICON_NAME = AppIcon;
				ASSETCATALOG_COMPILER_GLOBAL_ACCENT_COLOR_NAME = AccentColor;
				CODE_SIGN_STYLE = Automatic;
				CURRENT_PROJECT_VERSION = 1;
				DEVELOPMENT_TEAM = 2LZ22D9N74;
				GENERATE_INFOPLIST_FILE = YES;
				INFOPLIST_FILE = Tipple/Info.plist;
				INFOPLIST_KEY_UIApplicationSupportsIndirectInputEvents = YES;
				INFOPLIST_KEY_UILaunchStoryboardName = LaunchScreen;
				INFOPLIST_KEY_UIMainStoryboardFile = Main;
				INFOPLIST_KEY_UIStatusBarStyle = "";
				INFOPLIST_KEY_UISupportedInterfaceOrientations_iPad = "UIInterfaceOrientationPortrait UIInterfaceOrientationPortraitUpsideDown UIInterfaceOrientationLandscapeLeft UIInterfaceOrientationLandscapeRight";
				INFOPLIST_KEY_UISupportedInterfaceOrientations_iPhone = "UIInterfaceOrientationPortrait UIInterfaceOrientationLandscapeLeft UIInterfaceOrientationLandscapeRight";
				LD_RUNPATH_SEARCH_PATHS = (
					"$(inherited)",
					"@executable_path/Frameworks",
				);
				MARKETING_VERSION = 1.0;
				PRODUCT_BUNDLE_IDENTIFIER = CS371L.Tipple;
				PRODUCT_NAME = "$(TARGET_NAME)";
				SWIFT_EMIT_LOC_STRINGS = YES;
				SWIFT_VERSION = 5.0;
				TARGETED_DEVICE_FAMILY = "1,2";
			};
			name = Debug;
		};
		340DDEA92AD6243D00217F2D /* Release */ = {
			isa = XCBuildConfiguration;
			buildSettings = {
				ASSETCATALOG_COMPILER_APPICON_NAME = AppIcon;
				ASSETCATALOG_COMPILER_GLOBAL_ACCENT_COLOR_NAME = AccentColor;
				CODE_SIGN_ENTITLEMENTS = Tipple/TippleRelease.entitlements;
				CODE_SIGN_STYLE = Automatic;
				CURRENT_PROJECT_VERSION = 1;
				DEVELOPMENT_TEAM = 2LZ22D9N74;
				GENERATE_INFOPLIST_FILE = YES;
				INFOPLIST_FILE = Tipple/Info.plist;
				INFOPLIST_KEY_UIApplicationSupportsIndirectInputEvents = YES;
				INFOPLIST_KEY_UILaunchStoryboardName = LaunchScreen;
				INFOPLIST_KEY_UIMainStoryboardFile = Main;
				INFOPLIST_KEY_UIStatusBarStyle = "";
				INFOPLIST_KEY_UISupportedInterfaceOrientations_iPad = "UIInterfaceOrientationPortrait UIInterfaceOrientationPortraitUpsideDown UIInterfaceOrientationLandscapeLeft UIInterfaceOrientationLandscapeRight";
				INFOPLIST_KEY_UISupportedInterfaceOrientations_iPhone = "UIInterfaceOrientationPortrait UIInterfaceOrientationLandscapeLeft UIInterfaceOrientationLandscapeRight";
				LD_RUNPATH_SEARCH_PATHS = (
					"$(inherited)",
					"@executable_path/Frameworks",
				);
				MARKETING_VERSION = 1.0;
				PRODUCT_BUNDLE_IDENTIFIER = CS371L.Tipple;
				PRODUCT_NAME = "$(TARGET_NAME)";
				SWIFT_EMIT_LOC_STRINGS = YES;
				SWIFT_VERSION = 5.0;
				TARGETED_DEVICE_FAMILY = "1,2";
			};
			name = Release;
		};
/* End XCBuildConfiguration section */

/* Begin XCConfigurationList section */
		340DDE8B2AD6243A00217F2D /* Build configuration list for PBXProject "Tipple" */ = {
			isa = XCConfigurationList;
			buildConfigurations = (
				340DDEA52AD6243D00217F2D /* Debug */,
				340DDEA62AD6243D00217F2D /* Release */,
			);
			defaultConfigurationIsVisible = 0;
			defaultConfigurationName = Release;
		};
		340DDEA72AD6243D00217F2D /* Build configuration list for PBXNativeTarget "Tipple" */ = {
			isa = XCConfigurationList;
			buildConfigurations = (
				340DDEA82AD6243D00217F2D /* Debug */,
				340DDEA92AD6243D00217F2D /* Release */,
			);
			defaultConfigurationIsVisible = 0;
			defaultConfigurationName = Release;
		};
/* End XCConfigurationList section */

/* Begin XCRemoteSwiftPackageReference section */
		348821D32AD793AE00B677F3 /* XCRemoteSwiftPackageReference "firebase-ios-sdk" */ = {
			isa = XCRemoteSwiftPackageReference;
			repositoryURL = "https://github.com/firebase/firebase-ios-sdk";
			requirement = {
				kind = upToNextMajorVersion;
				minimumVersion = 10.16.0;
			};
		};
/* End XCRemoteSwiftPackageReference section */

/* Begin XCSwiftPackageProductDependency section */
		348821E02AD793AE00B677F3 /* FirebaseAuth */ = {
			isa = XCSwiftPackageProductDependency;
			package = 348821D32AD793AE00B677F3 /* XCRemoteSwiftPackageReference "firebase-ios-sdk" */;
			productName = FirebaseAuth;
		};
		348821E62AD793AE00B677F3 /* FirebaseDatabase */ = {
			isa = XCSwiftPackageProductDependency;
			package = 348821D32AD793AE00B677F3 /* XCRemoteSwiftPackageReference "firebase-ios-sdk" */;
			productName = FirebaseDatabase;
		};
		B3329D362ADB654D00F23531 /* FirebaseFirestore */ = {
			isa = XCSwiftPackageProductDependency;
			package = 348821D32AD793AE00B677F3 /* XCRemoteSwiftPackageReference "firebase-ios-sdk" */;
			productName = FirebaseFirestore;
		};
		B34377152ADE21B4003B1D96 /* FirebaseStorage */ = {
			isa = XCSwiftPackageProductDependency;
			package = 348821D32AD793AE00B677F3 /* XCRemoteSwiftPackageReference "firebase-ios-sdk" */;
			productName = FirebaseStorage;
		};
/* End XCSwiftPackageProductDependency section */

/* Begin XCVersionGroup section */
		340DDE9C2AD6243A00217F2D /* Tipple.xcdatamodeld */ = {
			isa = XCVersionGroup;
			children = (
				340DDE9D2AD6243A00217F2D /* Tipple.xcdatamodel */,
			);
			currentVersion = 340DDE9D2AD6243A00217F2D /* Tipple.xcdatamodel */;
			path = Tipple.xcdatamodeld;
			sourceTree = "<group>";
			versionGroupType = wrapper.xcdatamodel;
		};
/* End XCVersionGroup section */
	};
	rootObject = 340DDE882AD6243A00217F2D /* Project object */;
}
